
Microsoft Visual Studio Solution File, Format Version 12.00
# Visual Studio 15
VisualStudioVersion = 15.0.27004.2002
MinimumVisualStudioVersion = 10.0.40219.1
Project("{9A19103F-16F7-4668-BE54-9A1E7A4F7556}") = "labelator", "labelator\labelator.csproj", "{2A7AB96E-440E-4DF1-9B18-50D593C8C264}"
EndProject
Project("{FAE04EC0-301F-11D3-BF4B-00C04F79EFBC}") = "labelassembler", "labelassembler\labelassembler.csproj", "{02D19B07-86F6-4692-92F1-B6F6DBD9F4E8}"
EndProject
Global
	GlobalSection(SolutionConfigurationPlatforms) = preSolution
		Debug|Any CPU = Debug|Any CPU
		Release|Any CPU = Release|Any CPU
	EndGlobalSection
	GlobalSection(ProjectConfigurationPlatforms) = postSolution
		{2A7AB96E-440E-4DF1-9B18-50D593C8C264}.Debug|Any CPU.ActiveCfg = Debug|Any CPU
		{2A7AB96E-440E-4DF1-9B18-50D593C8C264}.Debug|Any CPU.Build.0 = Debug|Any CPU
		{2A7AB96E-440E-4DF1-9B18-50D593C8C264}.Release|Any CPU.ActiveCfg = Release|Any CPU
		{2A7AB96E-440E-4DF1-9B18-50D593C8C264}.Release|Any CPU.Build.0 = Release|Any CPU
		{02D19B07-86F6-4692-92F1-B6F6DBD9F4E8}.Debug|Any CPU.ActiveCfg = Debug|Any CPU
		{02D19B07-86F6-4692-92F1-B6F6DBD9F4E8}.Debug|Any CPU.Build.0 = Debug|Any CPU
		{02D19B07-86F6-4692-92F1-B6F6DBD9F4E8}.Release|Any CPU.ActiveCfg = Release|Any CPU
		{02D19B07-86F6-4692-92F1-B6F6DBD9F4E8}.Release|Any CPU.Build.0 = Release|Any CPU
	EndGlobalSection
	GlobalSection(SolutionProperties) = preSolution
		HideSolutionNode = FALSE
	EndGlobalSection
	GlobalSection(ExtensibilityGlobals) = postSolution
		SolutionGuid = {CF7E4DF0-5D99-4BAE-A847-23B2A515621F}
	EndGlobalSection
EndGlobal
